{
    "_meta": {
        "hash": {
            "sha256": "5b5d62b216c0254850d4bb11416558a0d1e6d3d4762951364693bf1d1c1643e9"
        },
        "pipfile-spec": 6,
        "requires": {
            "python_version": "3.10"
        },
        "sources": [
            {
                "name": "pypi",
                "url": "https://pypi.org/simple",
                "verify_ssl": true
            }
        ]
    },
    "default": {
        "certifi": {
            "hashes": [
                "sha256:539cc1d13202e33ca466e88b2807e29f4c13049d6d87031a3c110744495cb082",
                "sha256:92d6037539857d8206b8f6ae472e8b77db8058fec5937a1ef3f54304089edbb9"
            ],
            "markers": "python_version >= '3.6'",
            "version": "==2023.7.22"
        },
        "charset-normalizer": {
            "hashes": [
                "sha256:04e57ab9fbf9607b77f7d057974694b4f6b142da9ed4a199859d9d4d5c63fe96",
                "sha256:09393e1b2a9461950b1c9a45d5fd251dc7c6f228acab64da1c9c0165d9c7765c",
                "sha256:0b87549028f680ca955556e3bd57013ab47474c3124dc069faa0b6545b6c9710",
                "sha256:1000fba1057b92a65daec275aec30586c3de2401ccdcd41f8a5c1e2c87078706",
                "sha256:1249cbbf3d3b04902ff081ffbb33ce3377fa6e4c7356f759f3cd076cc138d020",
                "sha256:1920d4ff15ce893210c1f0c0e9d19bfbecb7983c76b33f046c13a8ffbd570252",
                "sha256:193cbc708ea3aca45e7221ae58f0fd63f933753a9bfb498a3b474878f12caaad",
                "sha256:1a100c6d595a7f316f1b6f01d20815d916e75ff98c27a01ae817439ea7726329",
                "sha256:1f30b48dd7fa1474554b0b0f3fdfdd4c13b5c737a3c6284d3cdc424ec0ffff3a",
                "sha256:203f0c8871d5a7987be20c72442488a0b8cfd0f43b7973771640fc593f56321f",
                "sha256:246de67b99b6851627d945db38147d1b209a899311b1305dd84916f2b88526c6",
                "sha256:2dee8e57f052ef5353cf608e0b4c871aee320dd1b87d351c28764fc0ca55f9f4",
                "sha256:2efb1bd13885392adfda4614c33d3b68dee4921fd0ac1d3988f8cbb7d589e72a",
                "sha256:2f4ac36d8e2b4cc1aa71df3dd84ff8efbe3bfb97ac41242fbcfc053c67434f46",
                "sha256:3170c9399da12c9dc66366e9d14da8bf7147e1e9d9ea566067bbce7bb74bd9c2",
                "sha256:3b1613dd5aee995ec6d4c69f00378bbd07614702a315a2cf6c1d21461fe17c23",
                "sha256:3bb3d25a8e6c0aedd251753a79ae98a093c7e7b471faa3aa9a93a81431987ace",
                "sha256:3bb7fda7260735efe66d5107fb7e6af6a7c04c7fce9b2514e04b7a74b06bf5dd",
                "sha256:41b25eaa7d15909cf3ac4c96088c1f266a9a93ec44f87f1d13d4a0e86c81b982",
                "sha256:45de3f87179c1823e6d9e32156fb14c1927fcc9aba21433f088fdfb555b77c10",
                "sha256:46fb8c61d794b78ec7134a715a3e564aafc8f6b5e338417cb19fe9f57a5a9bf2",
                "sha256:48021783bdf96e3d6de03a6e39a1171ed5bd7e8bb93fc84cc649d11490f87cea",
                "sha256:4957669ef390f0e6719db3613ab3a7631e68424604a7b448f079bee145da6e09",
                "sha256:5e86d77b090dbddbe78867a0275cb4df08ea195e660f1f7f13435a4649e954e5",
                "sha256:6339d047dab2780cc6220f46306628e04d9750f02f983ddb37439ca47ced7149",
                "sha256:681eb3d7e02e3c3655d1b16059fbfb605ac464c834a0c629048a30fad2b27489",
                "sha256:6c409c0deba34f147f77efaa67b8e4bb83d2f11c8806405f76397ae5b8c0d1c9",
                "sha256:7095f6fbfaa55defb6b733cfeb14efaae7a29f0b59d8cf213be4e7ca0b857b80",
                "sha256:70c610f6cbe4b9fce272c407dd9d07e33e6bf7b4aa1b7ffb6f6ded8e634e3592",
                "sha256:72814c01533f51d68702802d74f77ea026b5ec52793c791e2da806a3844a46c3",
                "sha256:7a4826ad2bd6b07ca615c74ab91f32f6c96d08f6fcc3902ceeedaec8cdc3bcd6",
                "sha256:7c70087bfee18a42b4040bb9ec1ca15a08242cf5867c58726530bdf3945672ed",
                "sha256:855eafa5d5a2034b4621c74925d89c5efef61418570e5ef9b37717d9c796419c",
                "sha256:8700f06d0ce6f128de3ccdbc1acaea1ee264d2caa9ca05daaf492fde7c2a7200",
                "sha256:89f1b185a01fe560bc8ae5f619e924407efca2191b56ce749ec84982fc59a32a",
                "sha256:8b2c760cfc7042b27ebdb4a43a4453bd829a5742503599144d54a032c5dc7e9e",
                "sha256:8c2f5e83493748286002f9369f3e6607c565a6a90425a3a1fef5ae32a36d749d",
                "sha256:8e098148dd37b4ce3baca71fb394c81dc5d9c7728c95df695d2dca218edf40e6",
                "sha256:94aea8eff76ee6d1cdacb07dd2123a68283cb5569e0250feab1240058f53b623",
                "sha256:95eb302ff792e12aba9a8b8f8474ab229a83c103d74a750ec0bd1c1eea32e669",
                "sha256:9bd9b3b31adcb054116447ea22caa61a285d92e94d710aa5ec97992ff5eb7cf3",
                "sha256:9e608aafdb55eb9f255034709e20d5a83b6d60c054df0802fa9c9883d0a937aa",
                "sha256:a103b3a7069b62f5d4890ae1b8f0597618f628b286b03d4bc9195230b154bfa9",
                "sha256:a386ebe437176aab38c041de1260cd3ea459c6ce5263594399880bbc398225b2",
                "sha256:a38856a971c602f98472050165cea2cdc97709240373041b69030be15047691f",
                "sha256:a401b4598e5d3f4a9a811f3daf42ee2291790c7f9d74b18d75d6e21dda98a1a1",
                "sha256:a7647ebdfb9682b7bb97e2a5e7cb6ae735b1c25008a70b906aecca294ee96cf4",
                "sha256:aaf63899c94de41fe3cf934601b0f7ccb6b428c6e4eeb80da72c58eab077b19a",
                "sha256:b0dac0ff919ba34d4df1b6131f59ce95b08b9065233446be7e459f95554c0dc8",
                "sha256:baacc6aee0b2ef6f3d308e197b5d7a81c0e70b06beae1f1fcacffdbd124fe0e3",
                "sha256:bf420121d4c8dce6b889f0e8e4ec0ca34b7f40186203f06a946fa0276ba54029",
                "sha256:c04a46716adde8d927adb9457bbe39cf473e1e2c2f5d0a16ceb837e5d841ad4f",
                "sha256:c0b21078a4b56965e2b12f247467b234734491897e99c1d51cee628da9786959",
                "sha256:c1c76a1743432b4b60ab3358c937a3fe1341c828ae6194108a94c69028247f22",
                "sha256:c4983bf937209c57240cff65906b18bb35e64ae872da6a0db937d7b4af845dd7",
                "sha256:c4fb39a81950ec280984b3a44f5bd12819953dc5fa3a7e6fa7a80db5ee853952",
                "sha256:c57921cda3a80d0f2b8aec7e25c8aa14479ea92b5b51b6876d975d925a2ea346",
                "sha256:c8063cf17b19661471ecbdb3df1c84f24ad2e389e326ccaf89e3fb2484d8dd7e",
                "sha256:ccd16eb18a849fd8dcb23e23380e2f0a354e8daa0c984b8a732d9cfaba3a776d",
                "sha256:cd6dbe0238f7743d0efe563ab46294f54f9bc8f4b9bcf57c3c666cc5bc9d1299",
                "sha256:d62e51710986674142526ab9f78663ca2b0726066ae26b78b22e0f5e571238dd",
                "sha256:db901e2ac34c931d73054d9797383d0f8009991e723dab15109740a63e7f902a",
                "sha256:e03b8895a6990c9ab2cdcd0f2fe44088ca1c65ae592b8f795c3294af00a461c3",
                "sha256:e1c8a2f4c69e08e89632defbfabec2feb8a8d99edc9f89ce33c4b9e36ab63037",
                "sha256:e4b749b9cc6ee664a3300bb3a273c1ca8068c46be705b6c31cf5d276f8628a94",
                "sha256:e6a5bf2cba5ae1bb80b154ed68a3cfa2fa00fde979a7f50d6598d3e17d9ac20c",
                "sha256:e857a2232ba53ae940d3456f7533ce6ca98b81917d47adc3c7fd55dad8fab858",
                "sha256:ee4006268ed33370957f55bf2e6f4d263eaf4dc3cfc473d1d90baff6ed36ce4a",
                "sha256:eef9df1eefada2c09a5e7a40991b9fc6ac6ef20b1372abd48d2794a316dc0449",
                "sha256:f058f6963fd82eb143c692cecdc89e075fa0828db2e5b291070485390b2f1c9c",
                "sha256:f25c229a6ba38a35ae6e25ca1264621cc25d4d38dca2942a7fce0b67a4efe918",
                "sha256:f2a1d0fd4242bd8643ce6f98927cf9c04540af6efa92323e9d3124f57727bfc1",
                "sha256:f7560358a6811e52e9c4d142d497f1a6e10103d3a6881f18d04dbce3729c0e2c",
                "sha256:f779d3ad205f108d14e99bb3859aa7dd8e9c68874617c72354d7ecaec2a054ac",
                "sha256:f87f746ee241d30d6ed93969de31e5ffd09a2961a051e60ae6bddde9ec3583aa"
            ],
            "markers": "python_full_version >= '3.7.0'",
            "version": "==3.2.0"
        },
        "clickhouse-driver": {
            "hashes": [
                "sha256:007f4e343a41075da2e66bb9b024708341fdf07478fceae75a326c10a3ff2625",
                "sha256:01aa2d7bba194008f3a5cdc12201eb18461315026801828af9e0c1aa71004c85",
                "sha256:02cf0ebb6371b165bb410144d5bc616dcd9df312239254449777fc15608facc6",
                "sha256:077d1f9a36d80f6d4122980d181c3bf957f786c3adf083ddb783c0065999288e",
                "sha256:086aacee7a1b2eb558e55435d1509818cc08098b0b5f1daf4a17c4282d93d890",
                "sha256:09f00a5fbb0d1b4ab918edabc69723c92513c5392cb953b665877061c2eb4592",
                "sha256:0bdc8daaa899827864f9f5fd1af464b89f6ccaf4523a41eba92c8e37ef995f32",
                "sha256:0d6075f24ea8dc293d0b0b0630d4ee50f953bd50c2fe20d5e81aa222ec94be7c",
                "sha256:0ed68a1d5026e833029a43b1728a2a502fbced10ba563db490d1673b36533914",
                "sha256:10179f5e9f863431a9724cd3400fd74e8cd4b32a1911ea447a811d22b7994810",
                "sha256:10c37eff1ec69c76997480333e42ce822f31565837ff180ba3995062fa2ff79d",
                "sha256:17c554e28cff0b073c3db36c5911dc439ca091fcb3975f4c9e24475bd0fb80c2",
                "sha256:2ee60734c3966efe994dcbab3b278fd9bd24629949f350a8658e967a2e5b3059",
                "sha256:3480f8ef9f7308ea38bdba4e832ea2a7967167506332df9387f600ba3cf0fe7b",
                "sha256:44b58f45ad9b5f9e85183018211d41e1016820fd573795b7cb0a1ee3ccc0945d",
                "sha256:47c42830f96fe8574438c06a5c2b057f8f4ae0560685a1db8d53374cce9b021f",
                "sha256:4862ba3579ece265daecdabaf56094a5264aca8fb613bc8ef6be9c10b9bf8ce8",
                "sha256:4c07d9e381238c55a4fa75e71bf36f9ae7ee861ffa150df3cd4cf2236b3cf4e1",
                "sha256:519c591a96976bb136b1e82cdaf91385b6dc1f7d3e717d95c4f32adec62fd119",
                "sha256:56a79709059d46eabeafb970ae5c6e720f5814e8391af7be5f47e5091369dd0a",
                "sha256:5ad793c077b248356d4b84aa99a4428072cec96c2f059e87a7f52b7af48d1652",
                "sha256:5c7b20b97021f752e7078f85948e2f7be934ae654ce83a16c2e703384e506be3",
                "sha256:60020294cf3ab4be5ea00715d9a0fba7b65982ecb3c2e9904464cc867f216ea3",
                "sha256:6221974d66cb12068ffa2bc065fe54ad1ec70811c02d7adcbde80723fbafad27",
                "sha256:6607b4ceb2d2d891675cae176387ab98fa5d6ec519d96d61c8f8b18dee7803dc",
                "sha256:66f5145b21d5058153fd9775d764ff1d4e98d1f5202df66e52c4d9a1333d16ca",
                "sha256:6701c0a7cf7d63a674632d038f3385115e15ef58284e75e889c8f1f4c10c93b7",
                "sha256:695f39bdf6754e9e9b2e5376313071b204f8ceb5722534ee9803dd5f7c7e249f",
                "sha256:7b34dae4b3388b680efcdbb56d4a9809fa1d7eac60b95c487de1c34962525c2b",
                "sha256:7dbc2ccc1b76fcab5559dd99e9e5c9451c8195be610b3581068ac6fbd757dc95",
                "sha256:7f628f245ae96608b07e2ed33c14453f0d9446db9cceeb1ca23bb1a4e9349211",
                "sha256:7f789ed07e5f2c75e8cf95d626b1cd6562a4e3ae84ac5f8fe0de77fc0e02da37",
                "sha256:87718fbef63df4f6b9fb10d2ec031b8cc056e884d1a4edc9e31b2069fe19e0f1",
                "sha256:879f86780e87dac0ec5046d1f777fb3ba720350860caef2014ace4e076814929",
                "sha256:89951808eb2194bd84dff79ea97fd49171415356cd37b4209f6fdcd8930e7219",
                "sha256:89fdde631156fe9b7778a2bdc9e1a58d607190ccaf1ef0aed322e60320647c4f",
                "sha256:8c3605521fed461709af6bfd15b3ff131c8324b8e535b3c9920cdbee8c4d9587",
                "sha256:93631f87cce3fe398e21351de575e6ef9a95d02ef9aff19b942286f86a742d4e",
                "sha256:956634d62bfbd58fbea5f0bcf81bcf0b6a0bb5cbeba45e1423095afae2fd6a2b",
                "sha256:95a3c5d8f8a89992786dc8e40816f6ea2a28af447bbbd06aea25ea8165d75435",
                "sha256:9753eb3a615501f060566df160cb0f602288c4c076bf16e8f459f40e83300977",
                "sha256:9ae9535652e308ec6e117d0d01917fe183dda908ff92e32b14f47c7664350aef",
                "sha256:9c7fba6c550988cc34f6f98b7ec50e0bb65bc3e61ba0ec4640aed49c01ec106e",
                "sha256:9ccd13c7dfa6cf9de24faea73f7a5e5c66daad1100d564f209a83855d46a633f",
                "sha256:9e6e232f3cc47d9b8047bd7f091664c6064b82475c0e110a2a4c91565b8fe193",
                "sha256:9f2a0c70cd09dd14c2e8fab258e02dad78c52b40dcb95e3d675e7edb38b8dd41",
                "sha256:a2608fc680a77e55696bf601b2dbbb9bc6a87c9f95f6a5f4416290b73cfa7725",
                "sha256:a445036bcd2a86aa510a786b71417ab969ea05547fc94a74966886ad4901c430",
                "sha256:a995ebefa0dc945cb67f2516d599cc18f8fa1119a92ad774baffc02d1f4a0506",
                "sha256:aaa3f3ba7bcbeaf3b557102558cff95fa016b7e4cc82caeaf731f7f83ae90a55",
                "sha256:ab179bd808fe6684c2e6f3bd69b140c648faa27d0a4694569bc424f2bb2be753",
                "sha256:aef00b224828aab6120b29bc882ab0b8371f8fd5bd5b8051ddaf9c95c4116261",
                "sha256:b06d41498eac00180cfd39551fda19a255cd61de32478f97128c61d19265653d",
                "sha256:b7cf9390c19c5f0eba67ddc9e02c0bfb7184ed878a35f546e9848980e8a256a1",
                "sha256:bbe05f531a8d2f5e6696d4d05360cf4d27a625e9600df85172265ef9c7068ab7",
                "sha256:c067d9b3516d9123d089c343397e6b8d506959cc0292525822d51872d7e611f0",
                "sha256:c94b3f8164cec8b4ff4f9ba6abe77057066e682aceec53d06faa4cafd72f2a5c",
                "sha256:cc52dbb10e4af8dc6ae65020c17dd4575a9fc79d43770ff910cfaa81cc873e6b",
                "sha256:cf2223b82e99c2dd6d7373816ee41b85eed9f18a2f141389b351ec1357c3ac63",
                "sha256:d03f37ce9ea5a7569ad00afb91f26b18e5b192ca1837ef362df87b1a69a8b310",
                "sha256:d081dd3fb4d438d910e79053a9ec2431e54ed3d9e148a3d3150c6630d73194bd",
                "sha256:d174450ceb4a20a63cd0ab853006a57d557014fd265ac4c506f91c262380986b",
                "sha256:d625d6c13ff2519a10d46eb46de5bb8f66f4f37446805cdd7969d773df54b303",
                "sha256:d6d93fcf708e9dacbb5337b11560814e81da14c33cf122fc5e28b75e14623e8a",
                "sha256:d827ad8ed1b66cd4625fbb36a3210a57af6b8cf501001792ecae4128c736f7b0",
                "sha256:e00bc089b81313cb1a2e7a434f174a5e084081eb56fc57c7e26fc65c468ecc95",
                "sha256:f2dcb966009fb3d17d99298bd9f1ed82cb9fd32dfe97a61f2189b9bfb7a1ecc2",
                "sha256:f6e7afe0e38dd1c3dd15a1e2960bf4c90056adaccbe70d03f0b91822c8102af9",
                "sha256:f7af8a0d20fdc968fc79f58086c8a8a171c51ee438a8235a34bfc185be85d185",
                "sha256:f889727c12cda1b4fa736bdf8da2257aaa9a9b93702db87778687aba94c06079",
                "sha256:f962d4cd0ac36a161f696a7a214ae5f1ae96427f2a9057f3b22ee2b3a034401c"
            ],
            "index": "pypi",
            "version": "==0.2.3"
        },
        "idna": {
            "hashes": [
                "sha256:814f528e8dead7d329833b91c5faa87d60bf71824cd12a7530b5526063d02cb4",
                "sha256:90b77e79eaa3eba6de819a0c442c0b4ceefc341a7a2ab77d7562bf49f425c5c2"
            ],
            "markers": "python_version >= '3.5'",
            "version": "==3.4"
        },
        "numpy": {
            "hashes": [
                "sha256:07a8c89a04997625236c5ecb7afe35a02af3896c8aa01890a849913a2309c676",
                "sha256:08d9b008d0156c70dc392bb3ab3abb6e7a711383c3247b410b39962263576cd4",
                "sha256:201b4d0552831f7250a08d3b38de0d989d6f6e4658b709a02a73c524ccc6ffce",
                "sha256:2c10a93606e0b4b95c9b04b77dc349b398fdfbda382d2a39ba5a822f669a0123",
                "sha256:3ca688e1b9b95d80250bca34b11a05e389b1420d00e87a0d12dc45f131f704a1",
                "sha256:48a3aecd3b997bf452a2dedb11f4e79bc5bfd21a1d4cc760e703c31d57c84b3e",
                "sha256:568dfd16224abddafb1cbcce2ff14f522abe037268514dd7e42c6776a1c3f8e5",
                "sha256:5bfb1bb598e8229c2d5d48db1860bcf4311337864ea3efdbe1171fb0c5da515d",
                "sha256:639b54cdf6aa4f82fe37ebf70401bbb74b8508fddcf4797f9fe59615b8c5813a",
                "sha256:8251ed96f38b47b4295b1ae51631de7ffa8260b5b087808ef09a39a9d66c97ab",
                "sha256:92bfa69cfbdf7dfc3040978ad09a48091143cffb778ec3b03fa170c494118d75",
                "sha256:97098b95aa4e418529099c26558eeb8486e66bd1e53a6b606d684d0c3616b168",
                "sha256:a3bae1a2ed00e90b3ba5f7bd0a7c7999b55d609e0c54ceb2b076a25e345fa9f4",
                "sha256:c34ea7e9d13a70bf2ab64a2532fe149a9aced424cd05a2c4ba662fd989e3e45f",
                "sha256:dbc7601a3b7472d559dc7b933b18b4b66f9aa7452c120e87dfb33d02008c8a18",
                "sha256:e7927a589df200c5e23c57970bafbd0cd322459aa7b1ff73b7c2e84d6e3eae62",
                "sha256:f8c1f39caad2c896bc0018f699882b345b2a63708008be29b1f355ebf6f933fe",
                "sha256:f950f8845b480cffe522913d35567e29dd381b0dc7e4ce6a4a9f9156417d2430",
                "sha256:fade0d4f4d292b6f39951b6836d7a3c7ef5b2347f3c420cd9820a1d90d794802",
                "sha256:fdf3c08bce27132395d3c3ba1503cac12e17282358cb4bddc25cc46b0aca07aa"
            ],
            "index": "pypi",
            "version": "==1.22.3"
        },
        "pandas": {
            "hashes": [
                "sha256:0010771bd9223f7afe5f051eb47c4a49534345dfa144f2f5470b27189a4dd3b5",
                "sha256:061609334a8182ab500a90fe66d46f6f387de62d3a9cb9aa7e62e3146c712167",
                "sha256:09d8be7dd9e1c4c98224c4dfe8abd60d145d934e9fc1f5f411266308ae683e6a",
                "sha256:295872bf1a09758aba199992c3ecde455f01caf32266d50abc1a073e828a7b9d",
                "sha256:3228198333dd13c90b6434ddf61aa6d57deaca98cf7b654f4ad68a2db84f8cfe",
                "sha256:385c52e85aaa8ea6a4c600a9b2821181a51f8be0aee3af6f2dcb41dafc4fc1d0",
                "sha256:51649ef604a945f781105a6d2ecf88db7da0f4868ac5d45c51cb66081c4d9c73",
                "sha256:5586cc95692564b441f4747c47c8a9746792e87b40a4680a2feb7794defb1ce3",
                "sha256:5a206afa84ed20e07603f50d22b5f0db3fb556486d8c2462d8bc364831a4b417",
                "sha256:5b79af3a69e5175c6fa7b4e046b21a646c8b74e92c6581a9d825687d92071b51",
                "sha256:5c54ea4ef3823108cd4ec7fb27ccba4c3a775e0f83e39c5e17f5094cb17748bc",
                "sha256:8c5bf555b6b0075294b73965adaafb39cf71c312e38c5935c93d78f41c19828a",
                "sha256:92bc1fc585f1463ca827b45535957815b7deb218c549b7c18402c322c7549a12",
                "sha256:95c1e422ced0199cf4a34385ff124b69412c4bc912011ce895582bee620dfcaa",
                "sha256:b8134651258bce418cb79c71adeff0a44090c98d955f6953168ba16cc285d9f7",
                "sha256:be67c782c4f1b1f24c2f16a157e12c2693fd510f8df18e3287c77f33d124ed07",
                "sha256:c072c7f06b9242c855ed8021ff970c0e8f8b10b35e2640c657d2a541c5950f59",
                "sha256:d0d4f13e4be7ce89d7057a786023c461dd9370040bdb5efa0a7fe76b556867a0",
                "sha256:df82739e00bb6daf4bba4479a40f38c718b598a84654cbd8bb498fd6b0aa8c16",
                "sha256:f549097993744ff8c41b5e8f2f0d3cbfaabe89b4ae32c8c08ead6cc535b80139",
                "sha256:ff08a14ef21d94cdf18eef7c569d66f2e24e0bc89350bcd7d243dd804e3b5eb2"
            ],
            "index": "pypi",
            "version": "==1.4.2"
        },
        "python-dateutil": {
            "hashes": [
                "sha256:0123cacc1627ae19ddf3c27a5de5bd67ee4586fbdd6440d9748f8abb483d3e86",
                "sha256:961d03dc3453ebbc59dbdea9e4e11c5651520a876d0f4db161e8674aae935da9"
            ],
            "index": "pypi",
            "version": "==2.8.2"
        },
        "python-dotenv": {
            "hashes": [
                "sha256:a8df96034aae6d2d50a4ebe8216326c61c3eb64836776504fcca410e5937a3ba",
                "sha256:f5971a9226b701070a4bf2c38c89e5a3f0d64de8debda981d1db98583009122a"
            ],
            "index": "pypi",
            "version": "==1.0.0"
        },
        "pytz": {
            "hashes": [
                "sha256:1d8ce29db189191fb55338ee6d0387d82ab59f3d00eac103412d64e0ebd0c588",
                "sha256:a151b3abb88eda1d4e34a9814df37de2a80e301e68ba0fd856fb9b46bfbbbffb"
            ],
            "version": "==2023.3"
        },
        "requests": {
            "hashes": [
                "sha256:58cd2187c01e70e6e26505bca751777aa9f2ee0b7f4300988b709f44e013003f",
                "sha256:942c5a758f98d790eaed1a29cb6eefc7ffb0d1cf7af05c3d2791656dbd6ad1e1"
            ],
            "index": "pypi",
            "version": "==2.31.0"
        },
        "six": {
            "hashes": [
                "sha256:1e61c37477a1626458e36f7b1d82aa5c9b094fa4802892072e49de9c60c4c926",
                "sha256:8abb2f1d86890a2dfb989f9a77cfcfd3e47c2a354b01111771326f8aa26e0254"
            ],
            "markers": "python_version >= '2.7' and python_version not in '3.0, 3.1, 3.2, 3.3'",
            "version": "==1.16.0"
        },
        "tzlocal": {
            "hashes": [
                "sha256:46eb99ad4bdb71f3f72b7d24f4267753e240944ecfc16f25d2719ba89827a803",
                "sha256:f3596e180296aaf2dbd97d124fe76ae3a0e3d32b258447de7b939b3fd4be992f"
            ],
            "markers": "python_full_version >= '3.7.0'",
            "version": "==5.0.1"
        },
        "urllib3": {
            "hashes": [
                "sha256:8d22f86aae8ef5e410d4f539fde9ce6b2113a001bb4d189e0aed70642d602b11",
                "sha256:de7df1803967d2c2a98e4b11bb7d6bd9210474c46e8a0401514e3a42a75ebde4"
            ],
            "markers": "python_full_version >= '3.7.0'",
            "version": "==2.0.4"
        }
    },
    "develop": {
        "black": {
            "hashes": [
                "sha256:074458dc2f6e0d3dab7928d4417bb6957bb834434516f21514138437accdbe90",
                "sha256:187d96c5e713f441a5829e77120c269b6514418f4513a390b0499b0987f2ff1c",
                "sha256:2ea29072e954a4d55a2ff58971b83365eba5d3d357352a07a7a4df0d95f51c78",
                "sha256:4af5bc0e1f96be5ae9bd7aaec219c901a94d6caa2484c21983d043371c733fc4",
                "sha256:560558527e52ce8afba936fcce93a7411ab40c7d5fe8c2463e279e843c0328ee",
                "sha256:568ac3c465b1c8b34b61cd7a4e349e93f91abf0f9371eda1cf87194663ab684e",
                "sha256:6797f58943fceb1c461fb572edbe828d811e719c24e03375fd25170ada53825e",
                "sha256:6c1734ab264b8f7929cef8ae5f900b85d579e6cbfde09d7387da8f04771b51c6",
                "sha256:6c6d39e28aed379aec40da1c65434c77d75e65bb59a1e1c283de545fb4e7c6c9",
                "sha256:7ba9be198ecca5031cd78745780d65a3f75a34b2ff9be5837045dce55db83d1c",
                "sha256:94783f636bca89f11eb5d50437e8e17fbc6a929a628d82304c80fa9cd945f256",
                "sha256:a218d7e5856f91d20f04e931b6f16d15356db1c846ee55f01bac297a705ca24f",
                "sha256:a3db5b6409b96d9bd543323b23ef32a1a2b06416d525d27e0f67e74f1446c8f2",
                "sha256:ac609cf8ef5e7115ddd07d85d988d074ed00e10fbc3445aee393e70164a2219c",
                "sha256:b154e6bbde1e79ea3260c4b40c0b7b3109ffcdf7bc4ebf8859169a6af72cd70b",
                "sha256:b270a168d69edb8b7ed32c193ef10fd27844e5c60852039599f9184460ce0807",
                "sha256:b9fd45787ba8aa3f5e0a0a98920c1012c884622c6c920dbe98dbd05bc7c70fbf",
                "sha256:c85928b9d5f83b23cee7d0efcb310172412fbf7cb9d9ce963bd67fd141781def",
                "sha256:c9a3ac16efe9ec7d7381ddebcc022119794872abce99475345c5a61aa18c45ad",
                "sha256:cfaf3895a9634e882bf9d2363fed5af8888802d670f58b279b0bece00e9a872d",
                "sha256:e439798f819d49ba1c0bd9664427a05aab79bfba777a6db94fd4e56fae0cb849",
                "sha256:f586c26118bc6e714ec58c09df0157fe2d9ee195c764f630eb0d8e7ccce72e69",
                "sha256:f6fe02afde060bbeef044af7996f335fbe90b039ccf3f5eb8f16df8b20f77666"
            ],
            "index": "pypi",
            "version": "==22.6.0"
        },
        "bump2version": {
            "hashes": [
                "sha256:37f927ea17cde7ae2d7baf832f8e80ce3777624554a653006c9144f8017fe410",
                "sha256:762cb2bfad61f4ec8e2bdf452c7c267416f8c70dd9ecb1653fd0bbb01fa936e6"
            ],
            "markers": "python_version >= '3.5'",
            "version": "==1.0.1"
        },
        "bumpversion": {
            "hashes": [
                "sha256:4ba55e4080d373f80177b4dabef146c07ce73c7d1377aabf9d3c3ae1f94584a6",
                "sha256:4eb3267a38194d09f048a2179980bb4803701969bff2c85fa8f6d1ce050be15e"
            ],
            "index": "pypi",
            "version": "==0.6.0"
        },
        "click": {
            "hashes": [
                "sha256:ae74fb96c20a0277a1d615f1e4d73c8414f5a98db8b799a7931d1582f3390c28",
                "sha256:ca9853ad459e787e2192211578cc907e7594e294c7ccc834310722b41b9ca6de"
            ],
            "markers": "python_version >= '3.7'",
            "version": "==8.1.7"
        },
        "coverage": {
            "extras": [
                "toml"
            ],
            "hashes": [
                "sha256:07ea61bcb179f8f05ffd804d2732b09d23a1238642bf7e51dad62082b5019b34",
                "sha256:1084393c6bda8875c05e04fce5cfe1301a425f758eb012f010eab586f1f3905e",
                "sha256:13c6cbbd5f31211d8fdb477f0f7b03438591bdd077054076eec362cf2207b4a7",
                "sha256:211a4576e984f96d9fce61766ffaed0115d5dab1419e4f63d6992b480c2bd60b",
                "sha256:2d22172f938455c156e9af2612650f26cceea47dc86ca048fa4e0b2d21646ad3",
                "sha256:34f9f0763d5fa3035a315b69b428fe9c34d4fc2f615262d6be3d3bf3882fb985",
                "sha256:3558e5b574d62f9c46b76120a5c7c16c4612dc2644c3d48a9f4064a705eaee95",
                "sha256:36ce5d43a072a036f287029a55b5c6a0e9bd73db58961a273b6dc11a2c6eb9c2",
                "sha256:37d5576d35fcb765fca05654f66aa71e2808d4237d026e64ac8b397ffa66a56a",
                "sha256:3c9834d5e3df9d2aba0275c9f67989c590e05732439b3318fa37a725dff51e74",
                "sha256:438856d3f8f1e27f8e79b5410ae56650732a0dcfa94e756df88c7e2d24851fcd",
                "sha256:477c9430ad5d1b80b07f3c12f7120eef40bfbf849e9e7859e53b9c93b922d2af",
                "sha256:49ab200acf891e3dde19e5aa4b0f35d12d8b4bd805dc0be8792270c71bd56c54",
                "sha256:49dbb19cdcafc130f597d9e04a29d0a032ceedf729e41b181f51cd170e6ee865",
                "sha256:4c8e31cf29b60859876474034a83f59a14381af50cbe8a9dbaadbf70adc4b214",
                "sha256:4eddd3153d02204f22aef0825409091a91bf2a20bce06fe0f638f5c19a85de54",
                "sha256:5247bab12f84a1d608213b96b8af0cbb30d090d705b6663ad794c2f2a5e5b9fe",
                "sha256:5492a6ce3bdb15c6ad66cb68a0244854d9917478877a25671d70378bdc8562d0",
                "sha256:56afbf41fa4a7b27f6635bc4289050ac3ab7951b8a821bca46f5b024500e6321",
                "sha256:59777652e245bb1e300e620ce2bef0d341945842e4eb888c23a7f1d9e143c446",
                "sha256:60f64e2007c9144375dd0f480a54d6070f00bb1a28f65c408370544091c9bc9e",
                "sha256:63c5b8ecbc3b3d5eb3a9d873dec60afc0cd5ff9d9f1c75981d8c31cfe4df8527",
                "sha256:68d8a0426b49c053013e631c0cdc09b952d857efa8f68121746b339912d27a12",
                "sha256:74c160285f2dfe0acf0f72d425f3e970b21b6de04157fc65adc9fd07ee44177f",
                "sha256:7a9baf8e230f9621f8e1d00c580394a0aa328fdac0df2b3f8384387c44083c0f",
                "sha256:7df91fb24c2edaabec4e0eee512ff3bc6ec20eb8dccac2e77001c1fe516c0c84",
                "sha256:7f297e0c1ae55300ff688568b04ff26b01c13dfbf4c9d2b7d0cb688ac60df479",
                "sha256:80501d1b2270d7e8daf1b64b895745c3e234289e00d5f0e30923e706f110334e",
                "sha256:85b7335c22455ec12444cec0d600533a238d6439d8d709d545158c1208483873",
                "sha256:887665f00ea4e488501ba755a0e3c2cfd6278e846ada3185f42d391ef95e7e70",
                "sha256:8f39c49faf5344af36042b293ce05c0d9004270d811c7080610b3e713251c9b0",
                "sha256:90b6e2f0f66750c5a1178ffa9370dec6c508a8ca5265c42fbad3ccac210a7977",
                "sha256:96d7d761aea65b291a98c84e1250cd57b5b51726821a6f2f8df65db89363be51",
                "sha256:97af9554a799bd7c58c0179cc8dbf14aa7ab50e1fd5fa73f90b9b7215874ba28",
                "sha256:97c44f4ee13bce914272589b6b41165bbb650e48fdb7bd5493a38bde8de730a1",
                "sha256:a67e6bbe756ed458646e1ef2b0778591ed4d1fcd4b146fc3ba2feb1a7afd4254",
                "sha256:ac0dec90e7de0087d3d95fa0533e1d2d722dcc008bc7b60e1143402a04c117c1",
                "sha256:ad0f87826c4ebd3ef484502e79b39614e9c03a5d1510cfb623f4a4a051edc6fd",
                "sha256:b3eb0c93e2ea6445b2173da48cb548364f8f65bf68f3d090404080d338e3a689",
                "sha256:b543302a3707245d454fc49b8ecd2c2d5982b50eb63f3535244fd79a4be0c99d",
                "sha256:b859128a093f135b556b4765658d5d2e758e1fae3e7cc2f8c10f26fe7005e543",
                "sha256:bac329371d4c0d456e8d5f38a9b0816b446581b5f278474e416ea0c68c47dcd9",
                "sha256:c02cfa6c36144ab334d556989406837336c1d05215a9bdf44c0bc1d1ac1cb637",
                "sha256:c9737bc49a9255d78da085fa04f628a310c2332b187cd49b958b0e494c125071",
                "sha256:ccc51713b5581e12f93ccb9c5e39e8b5d4b16776d584c0f5e9e4e63381356482",
                "sha256:ce2ee86ca75f9f96072295c5ebb4ef2a43cecf2870b0ca5e7a1cbdd929cf67e1",
                "sha256:d000a739f9feed900381605a12a61f7aaced6beae832719ae0d15058a1e81c1b",
                "sha256:db76a1bcb51f02b2007adacbed4c88b6dee75342c37b05d1822815eed19edee5",
                "sha256:e2ac9a1de294773b9fa77447ab7e529cf4fe3910f6a0832816e5f3d538cfea9a",
                "sha256:e61260ec93f99f2c2d93d264b564ba912bec502f679793c56f678ba5251f0393",
                "sha256:fac440c43e9b479d1241fe9d768645e7ccec3fb65dc3a5f6e90675e75c3f3e3a",
                "sha256:fc0ed8d310afe013db1eedd37176d0839dc66c96bcfcce8f6607a73ffea2d6ba"
            ],
            "markers": "python_version >= '3.8'",
            "version": "==7.3.0"
        },
        "exceptiongroup": {
            "hashes": [
                "sha256:097acd85d473d75af5bb98e41b61ff7fe35efe6675e4f9370ec6ec5126d160e9",
                "sha256:343280667a4585d195ca1cf9cef84a4e178c4b6cf2274caef9859782b567d5e3"
            ],
            "markers": "python_version < '3.11'",
            "version": "==1.1.3"
        },
        "flake8": {
            "hashes": [
                "sha256:479b1304f72536a55948cb40a32dce8bb0ffe3501e26eaf292c7e60eb5e0428d",
                "sha256:806e034dda44114815e23c16ef92f95c91e4c71100ff52813adf7132a6ad870d"
            ],
            "index": "pypi",
            "version": "==4.0.1"
        },
        "iniconfig": {
            "hashes": [
                "sha256:2d91e135bf72d31a410b17c16da610a82cb55f6b0477d1a902134b24a455b8b3",
                "sha256:b6a85871a79d2e3b22d2d1b94ac2824226a63c6b741c88f7ae975f18b6778374"
            ],
            "markers": "python_version >= '3.7'",
            "version": "==2.0.0"
        },
        "isort": {
            "hashes": [
                "sha256:6f62d78e2f89b4500b080fe3a81690850cd254227f27f75c3a0c491a1f351ba7",
                "sha256:e8443a5e7a020e9d7f97f1d7d9cd17c88bcb3bc7e218bf9cf5095fe550be2951"
            ],
            "index": "pypi",
            "version": "==5.10.1"
        },
        "mccabe": {
            "hashes": [
                "sha256:ab8a6258860da4b6677da4bd2fe5dc2c659cff31b3ee4f7f5d64e79735b80d42",
                "sha256:dd8d182285a0fe56bace7f45b5e7d1a6ebcbf524e8f3bd87eb0f125271b8831f"
            ],
            "version": "==0.6.1"
        },
        "mypy": {
            "hashes": [
                "sha256:0714258640194d75677e86c786e80ccf294972cc76885d3ebbb560f11db0003d",
                "sha256:0c8f3be99e8a8bd403caa8c03be619544bc2c77a7093685dcf308c6b109426c6",
                "sha256:0cca5adf694af539aeaa6ac633a7afe9bbd760df9d31be55ab780b77ab5ae8bf",
                "sha256:1c8cd4fb70e8584ca1ed5805cbc7c017a3d1a29fb450621089ffed3e99d1857f",
                "sha256:1f7d1a520373e2272b10796c3ff721ea1a0712288cafaa95931e66aa15798813",
                "sha256:209ee89fbb0deed518605edddd234af80506aec932ad28d73c08f1400ef80a33",
                "sha256:26efb2fcc6b67e4d5a55561f39176821d2adf88f2745ddc72751b7890f3194ad",
                "sha256:37bd02ebf9d10e05b00d71302d2c2e6ca333e6c2a8584a98c00e038db8121f05",
                "sha256:3a700330b567114b673cf8ee7388e949f843b356a73b5ab22dd7cff4742a5297",
                "sha256:3c0165ba8f354a6d9881809ef29f1a9318a236a6d81c690094c5df32107bde06",
                "sha256:3d80e36b7d7a9259b740be6d8d906221789b0d836201af4234093cae89ced0cd",
                "sha256:4175593dc25d9da12f7de8de873a33f9b2b8bdb4e827a7cae952e5b1a342e243",
                "sha256:4307270436fd7694b41f913eb09210faff27ea4979ecbcd849e57d2da2f65305",
                "sha256:5e80e758243b97b618cdf22004beb09e8a2de1af481382e4d84bc52152d1c476",
                "sha256:641411733b127c3e0dab94c45af15fea99e4468f99ac88b39efb1ad677da5711",
                "sha256:652b651d42f155033a1967739788c436491b577b6a44e4c39fb340d0ee7f0d70",
                "sha256:6d7464bac72a85cb3491c7e92b5b62f3dcccb8af26826257760a552a5e244aa5",
                "sha256:74e259b5c19f70d35fcc1ad3d56499065c601dfe94ff67ae48b85596b9ec1461",
                "sha256:7d17e0a9707d0772f4a7b878f04b4fd11f6f5bcb9b3813975a9b13c9332153ab",
                "sha256:901c2c269c616e6cb0998b33d4adbb4a6af0ac4ce5cd078afd7bc95830e62c1c",
                "sha256:98e781cd35c0acf33eb0295e8b9c55cdbef64fcb35f6d3aa2186f289bed6e80d",
                "sha256:a12c56bf73cdab116df96e4ff39610b92a348cc99a1307e1da3c3768bbb5b135",
                "sha256:ac6e503823143464538efda0e8e356d871557ef60ccd38f8824a4257acc18d93",
                "sha256:b8472f736a5bfb159a5e36740847808f6f5b659960115ff29c7cecec1741c648",
                "sha256:b86ce2c1866a748c0f6faca5232059f881cda6dda2a893b9a8373353cfe3715a",
                "sha256:bc9ec663ed6c8f15f4ae9d3c04c989b744436c16d26580eaa760ae9dd5d662eb",
                "sha256:c9166b3f81a10cdf9b49f2d594b21b31adadb3d5e9db9b834866c3258b695be3",
                "sha256:d13674f3fb73805ba0c45eb6c0c3053d218aa1f7abead6e446d474529aafc372",
                "sha256:de32edc9b0a7e67c2775e574cb061a537660e51210fbf6006b0b36ea695ae9bb",
                "sha256:e62ebaad93be3ad1a828a11e90f0e76f15449371ffeecca4a0a0b9adc99abcef"
            ],
            "index": "pypi",
            "version": "==0.991"
        },
        "mypy-extensions": {
            "hashes": [
                "sha256:4392f6c0eb8a5668a69e23d168ffa70f0be9ccfd32b5cc2d26a34ae5b844552d",
                "sha256:75dbf8955dc00442a438fc4d0666508a9a97b6bd41aa2f0ffe9d2f2725af0782"
            ],
            "markers": "python_version >= '3.5'",
            "version": "==1.0.0"
        },
        "packaging": {
            "hashes": [
                "sha256:994793af429502c4ea2ebf6bf664629d07c1a9fe974af92966e4b8d2df7edc61",
                "sha256:a392980d2b6cffa644431898be54b0045151319d1e7ec34f0cfed48767dd334f"
            ],
            "markers": "python_version >= '3.7'",
            "version": "==23.1"
        },
        "pathspec": {
            "hashes": [
                "sha256:1d6ed233af05e679efb96b1851550ea95bbb64b7c490b0f5aa52996c11e92a20",
                "sha256:e0d8d0ac2f12da61956eb2306b69f9469b42f4deb0f3cb6ed47b9cce9996ced3"
            ],
            "markers": "python_version >= '3.7'",
            "version": "==0.11.2"
        },
        "platformdirs": {
            "hashes": [
                "sha256:b45696dab2d7cc691a3226759c0d3b00c47c8b6e293d96f6436f733303f77f6d",
                "sha256:d7c24979f292f916dc9cbf8648319032f551ea8c49a4c9bf2fb556a02070ec1d"
            ],
            "markers": "python_version >= '3.7'",
            "version": "==3.10.0"
        },
        "pluggy": {
            "hashes": [
                "sha256:c2fd55a7d7a3863cba1a013e4e2414658b1d07b6bc57b3919e0c63c9abb99849",
                "sha256:d12f0c4b579b15f5e054301bb226ee85eeeba08ffec228092f8defbaa3a4c4b3"
            ],
            "markers": "python_version >= '3.7'",
            "version": "==1.2.0"
        },
        "pycodestyle": {
            "hashes": [
                "sha256:720f8b39dde8b293825e7ff02c475f3077124006db4f440dcbc9a20b76548a20",
                "sha256:eddd5847ef438ea1c7870ca7eb78a9d47ce0cdb4851a5523949f2601d0cbbe7f"
            ],
            "markers": "python_version >= '2.7' and python_version not in '3.0, 3.1, 3.2, 3.3, 3.4'",
            "version": "==2.8.0"
        },
        "pyflakes": {
            "hashes": [
                "sha256:05a85c2872edf37a4ed30b0cce2f6093e1d0581f8c19d7393122da7e25b2b24c",
                "sha256:3bb3a3f256f4b7968c9c788781e4ff07dce46bdf12339dcda61053375426ee2e"
            ],
            "markers": "python_version >= '2.7' and python_version not in '3.0, 3.1, 3.2, 3.3'",
            "version": "==2.4.0"
        },
        "pytest": {
            "hashes": [
                "sha256:78bf16451a2eb8c7a2ea98e32dc119fd2aa758f1d5d66dbf0a59d69a3969df32",
                "sha256:b4bf8c45bd59934ed84001ad51e11b4ee40d40a1229d2c79f9c592b0a3f6bd8a"
            ],
            "index": "pypi",
            "version": "==7.4.0"
        },
        "pytest-cov": {
            "hashes": [
                "sha256:3904b13dfbfec47f003b8e77fd5b589cd11904a21ddf1ab38a64f204d6a10ef6",
                "sha256:6ba70b9e97e69fcc3fb45bfeab2d0a138fb65c4d0d6a41ef33983ad114be8c3a"
            ],
            "index": "pypi",
            "version": "==4.1.0"
        },
        "tomli": {
            "hashes": [
                "sha256:939de3e7a6161af0c887ef91b7d41a53e7c5a1ca976325f429cb46ea9bc30ecc",
                "sha256:de526c12914f0c550d15924c62d72abc48d6fe7364aa87328337a31007fe8a4f"
            ],
            "markers": "python_full_version < '3.11.0a7'",
            "version": "==2.0.1"
        },
        "typing-extensions": {
            "hashes": [
                "sha256:440d5dd3af93b060174bf433bccd69b0babc3b15b1a8dca43789fd7f61514b36",
                "sha256:b75ddc264f0ba5615db7ba217daeb99701ad295353c45f9e95963337ceeeffb2"
            ],
            "markers": "python_version >= '3.7'",
            "version": "==4.7.1"
        }
    }
}
